
Microsoft Visual Studio Solution File, Format Version 12.00
# Visual Studio Version 17
VisualStudioVersion = 17.13.35825.156
MinimumVisualStudioVersion = 10.0.40219.1
Project("{FAE04EC0-301F-11D3-BF4B-00C04F79EFBC}") = "BlijvenLerenWeb", "BlijvenLerenWeb\BlijvenLerenWeb.csproj", "{66BAD1D3-C314-44B7-8F12-69EC3A3034E2}"
EndProject
Project("{FAE04EC0-301F-11D3-BF4B-00C04F79EFBC}") = "BlijvenLerenApi.Tests", "BlijvenLerenApi.Tests\BlijvenLerenApi.Tests.csproj", "{7EE4C8C0-34FB-4E21-BE0A-38AB84E98FC0}"
EndProject
Project("{FAE04EC0-301F-11D3-BF4B-00C04F79EFBC}") = "BlijvenLerenWeb.Tests", "BlijvenLerenWeb.Tests\BlijvenLerenWeb.Tests.csproj", "{38F46438-4578-4F25-8CEB-D9EBABCB01C5}"
EndProject
Project("{FAE04EC0-301F-11D3-BF4B-00C04F79EFBC}") = "BlijvenLerenApi", "BlijvenLerenApi\BlijvenLerenApi.csproj", "{AD3C5B40-1AD6-4B55-BA1E-500660594B44}"
EndProject
Project("{FAE04EC0-301F-11D3-BF4B-00C04F79EFBC}") = "BlijvenLeren.Contracts", "BlijvenLeren.Contracts\BlijvenLeren.Contracts.csproj", "{469E0BC8-4737-4075-A891-2307A57F94F8}"
EndProject
Global
	GlobalSection(SolutionConfigurationPlatforms) = preSolution
		Debug|Any CPU = Debug|Any CPU
		Release|Any CPU = Release|Any CPU
	EndGlobalSection
	GlobalSection(ProjectConfigurationPlatforms) = postSolution
		{66BAD1D3-C314-44B7-8F12-69EC3A3034E2}.Debug|Any CPU.ActiveCfg = Debug|Any CPU
		{66BAD1D3-C314-44B7-8F12-69EC3A3034E2}.Debug|Any CPU.Build.0 = Debug|Any CPU
		{66BAD1D3-C314-44B7-8F12-69EC3A3034E2}.Release|Any CPU.ActiveCfg = Release|Any CPU
		{66BAD1D3-C314-44B7-8F12-69EC3A3034E2}.Release|Any CPU.Build.0 = Release|Any CPU
		{7EE4C8C0-34FB-4E21-BE0A-38AB84E98FC0}.Debug|Any CPU.ActiveCfg = Debug|Any CPU
		{7EE4C8C0-34FB-4E21-BE0A-38AB84E98FC0}.Debug|Any CPU.Build.0 = Debug|Any CPU
		{7EE4C8C0-34FB-4E21-BE0A-38AB84E98FC0}.Release|Any CPU.ActiveCfg = Release|Any CPU
		{7EE4C8C0-34FB-4E21-BE0A-38AB84E98FC0}.Release|Any CPU.Build.0 = Release|Any CPU
		{38F46438-4578-4F25-8CEB-D9EBABCB01C5}.Debug|Any CPU.ActiveCfg = Debug|Any CPU
		{38F46438-4578-4F25-8CEB-D9EBABCB01C5}.Debug|Any CPU.Build.0 = Debug|Any CPU
		{38F46438-4578-4F25-8CEB-D9EBABCB01C5}.Release|Any CPU.ActiveCfg = Release|Any CPU
		{38F46438-4578-4F25-8CEB-D9EBABCB01C5}.Release|Any CPU.Build.0 = Release|Any CPU
		{AD3C5B40-1AD6-4B55-BA1E-500660594B44}.Debug|Any CPU.ActiveCfg = Debug|Any CPU
		{AD3C5B40-1AD6-4B55-BA1E-500660594B44}.Debug|Any CPU.Build.0 = Debug|Any CPU
		{AD3C5B40-1AD6-4B55-BA1E-500660594B44}.Release|Any CPU.ActiveCfg = Release|Any CPU
		{AD3C5B40-1AD6-4B55-BA1E-500660594B44}.Release|Any CPU.Build.0 = Release|Any CPU
		{469E0BC8-4737-4075-A891-2307A57F94F8}.Debug|Any CPU.ActiveCfg = Debug|Any CPU
		{469E0BC8-4737-4075-A891-2307A57F94F8}.Debug|Any CPU.Build.0 = Debug|Any CPU
		{469E0BC8-4737-4075-A891-2307A57F94F8}.Release|Any CPU.ActiveCfg = Release|Any CPU
		{469E0BC8-4737-4075-A891-2307A57F94F8}.Release|Any CPU.Build.0 = Release|Any CPU
	EndGlobalSection
	GlobalSection(SolutionProperties) = preSolution
		HideSolutionNode = FALSE
	EndGlobalSection
	GlobalSection(ExtensibilityGlobals) = postSolution
		SolutionGuid = {421F5554-6DE8-4415-B87A-8219B898CA04}
	EndGlobalSection
EndGlobal
